
Microsoft Visual Studio Solution File, Format Version 12.00
# Visual Studio Version 17
VisualStudioVersion = 17.5.33414.496
MinimumVisualStudioVersion = 10.0.40219.1
Project("{FAE04EC0-301F-11D3-BF4B-00C04F79EFBC}") = "SQLDemo", "SQLDemo\SQLDemo.csproj", "{583A4429-771F-46C9-8259-A1077E68A7EE}"
EndProject
Global
	GlobalSection(SolutionConfigurationPlatforms) = preSolution
		Debug|Any CPU = Debug|Any CPU
		Release|Any CPU = Release|Any CPU
	EndGlobalSection
	GlobalSection(ProjectConfigurationPlatforms) = postSolution
		{583A4429-771F-46C9-8259-A1077E68A7EE}.Debug|Any CPU.ActiveCfg = Debug|Any CPU
		{583A4429-771F-46C9-8259-A1077E68A7EE}.Debug|Any CPU.Build.0 = Debug|Any CPU
		{583A4429-771F-46C9-8259-A1077E68A7EE}.Release|Any CPU.ActiveCfg = Release|Any CPU
		{583A4429-771F-46C9-8259-A1077E68A7EE}.Release|Any CPU.Build.0 = Release|Any CPU
	EndGlobalSection
	GlobalSection(SolutionProperties) = preSolution
		HideSolutionNode = FALSE
	EndGlobalSection
	GlobalSection(ExtensibilityGlobals) = postSolution
		SolutionGuid = {6BF93DAC-AAFD-4F15-91AA-8AA1B5772D9E}
	EndGlobalSection
EndGlobal
